
Microsoft Visual Studio Solution File, Format Version 12.00
# Visual Studio Version 16
VisualStudioVersion = 16.0.31205.134
MinimumVisualStudioVersion = 10.0.40219.1
Project("{FAE04EC0-301F-11D3-BF4B-00C04F79EFBC}") = "WorkPlan", "WorkPlan\WorkPlan.csproj", "{66AF3EC9-DFC5-4A18-8CB0-1C4567BCDA17}"
EndProject
Global
	GlobalSection(SolutionConfigurationPlatforms) = preSolution
		Debug|Any CPU = Debug|Any CPU
		Release|Any CPU = Release|Any CPU
	EndGlobalSection
	GlobalSection(ProjectConfigurationPlatforms) = postSolution
		{66AF3EC9-DFC5-4A18-8CB0-1C4567BCDA17}.Debug|Any CPU.ActiveCfg = Debug|Any CPU
		{66AF3EC9-DFC5-4A18-8CB0-1C4567BCDA17}.Debug|Any CPU.Build.0 = Debug|Any CPU
		{66AF3EC9-DFC5-4A18-8CB0-1C4567BCDA17}.Release|Any CPU.ActiveCfg = Release|Any CPU
		{66AF3EC9-DFC5-4A18-8CB0-1C4567BCDA17}.Release|Any CPU.Build.0 = Release|Any CPU
	EndGlobalSection
	GlobalSection(SolutionProperties) = preSolution
		HideSolutionNode = FALSE
	EndGlobalSection
	GlobalSection(ExtensibilityGlobals) = postSolution
		SolutionGuid = {71DCDC58-ABDC-4CF7-A861-376F3175FFE4}
	EndGlobalSection
EndGlobal
